{
  "nodes": {
    "nixlib": {
      "locked": {
        "lastModified": 1764465291,
        "narHash": "sha256-jJ/E4B9Hp7U2ZmT3E0tD1LtAfATw/xjVf8sueNyeYmc=",
        "owner": "nix-community",
        "repo": "nixpkgs.lib",
        "rev": "e9537535ae8f4a2f78dbef0aaa0cbb6af4abd047",
        "type": "github"
      },
      "original": {
        "owner": "nix-community",
        "repo": "nixpkgs.lib",
        "type": "github"
      }
    },
    "nixpkgs": {
      "locked": {
        "lastModified": 1764733908,
        "narHash": "sha256-QJiih52NU+nm7XQWCj+K8SwUdIEayDQ1FQgjkYISt4I=",
        "owner": "NixOS",
        "repo": "nixpkgs",
        "rev": "cadcc8de247676e4751c9d4a935acb2c0b059113",
        "type": "github"
      },
      "original": {
        "owner": "NixOS",
        "ref": "nixpkgs-unstable",
        "repo": "nixpkgs",
        "type": "github"
      }
    },
    "root": {
      "inputs": {
        "nixlib": "nixlib",
        "nixpkgs": "nixpkgs"
      }
    }
  },
  "root": "root",
  "version": 7
}
